
Microsoft Visual Studio Solution File, Format Version 12.00
# Visual Studio Version 16
VisualStudioVersion = 16.0.29709.97
MinimumVisualStudioVersion = 10.0.40219.1
Project("{FAE04EC0-301F-11D3-BF4B-00C04F79EFBC}") = "Osiguranje", "Osiguranje\Osiguranje.csproj", "{66471884-A594-4BF1-A786-14B82B317A53}"
EndProject
Project("{FAE04EC0-301F-11D3-BF4B-00C04F79EFBC}") = "Osiguranje.Tests", "Osiguranje.Tests\Osiguranje.Tests.csproj", "{AC1F9A85-0227-4555-9A52-F2B223FB15F5}"
EndProject
Global
	GlobalSection(SolutionConfigurationPlatforms) = preSolution
		Debug|Any CPU = Debug|Any CPU
		Release|Any CPU = Release|Any CPU
	EndGlobalSection
	GlobalSection(ProjectConfigurationPlatforms) = postSolution
		{66471884-A594-4BF1-A786-14B82B317A53}.Debug|Any CPU.ActiveCfg = Debug|Any CPU
		{66471884-A594-4BF1-A786-14B82B317A53}.Debug|Any CPU.Build.0 = Debug|Any CPU
		{66471884-A594-4BF1-A786-14B82B317A53}.Release|Any CPU.ActiveCfg = Release|Any CPU
		{66471884-A594-4BF1-A786-14B82B317A53}.Release|Any CPU.Build.0 = Release|Any CPU
		{AC1F9A85-0227-4555-9A52-F2B223FB15F5}.Debug|Any CPU.ActiveCfg = Debug|Any CPU
		{AC1F9A85-0227-4555-9A52-F2B223FB15F5}.Debug|Any CPU.Build.0 = Debug|Any CPU
		{AC1F9A85-0227-4555-9A52-F2B223FB15F5}.Release|Any CPU.ActiveCfg = Release|Any CPU
		{AC1F9A85-0227-4555-9A52-F2B223FB15F5}.Release|Any CPU.Build.0 = Release|Any CPU
	EndGlobalSection
	GlobalSection(SolutionProperties) = preSolution
		HideSolutionNode = FALSE
	EndGlobalSection
	GlobalSection(ExtensibilityGlobals) = postSolution
		SolutionGuid = {17EE0AA4-44E7-45C0-B91A-9C8C58EF5860}
	EndGlobalSection
EndGlobal
